
Microsoft Visual Studio Solution File, Format Version 12.00
# Visual Studio 15
VisualStudioVersion = 15.0.28307.902
MinimumVisualStudioVersion = 10.0.40219.1
Project("{FAE04EC0-301F-11D3-BF4B-00C04F79EFBC}") = "Data", "Task4\Data.csproj", "{0E312981-02E7-45AB-BB94-8CEF5EED3874}"
EndProject
Project("{FAE04EC0-301F-11D3-BF4B-00C04F79EFBC}") = "ServiceTest", "DMBSTest\ServiceTest.csproj", "{5CE74D10-D044-4E1D-8B02-59BDA61D4552}"
	ProjectSection(ProjectDependencies) = postProject
		{9F2E147F-EC80-4782-A040-342219060577} = {9F2E147F-EC80-4782-A040-342219060577}
		{0E312981-02E7-45AB-BB94-8CEF5EED3874} = {0E312981-02E7-45AB-BB94-8CEF5EED3874}
	EndProjectSection
EndProject
Project("{FAE04EC0-301F-11D3-BF4B-00C04F79EFBC}") = "Service", "Service\Service.csproj", "{9F2E147F-EC80-4782-A040-342219060577}"
EndProject
Project("{FAE04EC0-301F-11D3-BF4B-00C04F79EFBC}") = "Presentation.View", "Presentation\Presentation.View.csproj", "{6E0319C1-4D5D-4E68-A3CD-D03FC5FC8779}"
EndProject
Project("{FAE04EC0-301F-11D3-BF4B-00C04F79EFBC}") = "PresentationModel", "PresentationModel\PresentationModel.csproj", "{71EE29D8-3F8A-4D2F-91DC-5D598199A846}"
EndProject
Global
	GlobalSection(SolutionConfigurationPlatforms) = preSolution
		Debug|Any CPU = Debug|Any CPU
		Release|Any CPU = Release|Any CPU
	EndGlobalSection
	GlobalSection(ProjectConfigurationPlatforms) = postSolution
		{0E312981-02E7-45AB-BB94-8CEF5EED3874}.Debug|Any CPU.ActiveCfg = Debug|Any CPU
		{0E312981-02E7-45AB-BB94-8CEF5EED3874}.Debug|Any CPU.Build.0 = Debug|Any CPU
		{0E312981-02E7-45AB-BB94-8CEF5EED3874}.Release|Any CPU.ActiveCfg = Release|Any CPU
		{0E312981-02E7-45AB-BB94-8CEF5EED3874}.Release|Any CPU.Build.0 = Release|Any CPU
		{5CE74D10-D044-4E1D-8B02-59BDA61D4552}.Debug|Any CPU.ActiveCfg = Debug|Any CPU
		{5CE74D10-D044-4E1D-8B02-59BDA61D4552}.Debug|Any CPU.Build.0 = Debug|Any CPU
		{5CE74D10-D044-4E1D-8B02-59BDA61D4552}.Release|Any CPU.ActiveCfg = Release|Any CPU
		{5CE74D10-D044-4E1D-8B02-59BDA61D4552}.Release|Any CPU.Build.0 = Release|Any CPU
		{9F2E147F-EC80-4782-A040-342219060577}.Debug|Any CPU.ActiveCfg = Debug|Any CPU
		{9F2E147F-EC80-4782-A040-342219060577}.Debug|Any CPU.Build.0 = Debug|Any CPU
		{9F2E147F-EC80-4782-A040-342219060577}.Release|Any CPU.ActiveCfg = Release|Any CPU
		{9F2E147F-EC80-4782-A040-342219060577}.Release|Any CPU.Build.0 = Release|Any CPU
		{6E0319C1-4D5D-4E68-A3CD-D03FC5FC8779}.Debug|Any CPU.ActiveCfg = Debug|Any CPU
		{6E0319C1-4D5D-4E68-A3CD-D03FC5FC8779}.Debug|Any CPU.Build.0 = Debug|Any CPU
		{6E0319C1-4D5D-4E68-A3CD-D03FC5FC8779}.Release|Any CPU.ActiveCfg = Release|Any CPU
		{6E0319C1-4D5D-4E68-A3CD-D03FC5FC8779}.Release|Any CPU.Build.0 = Release|Any CPU
		{71EE29D8-3F8A-4D2F-91DC-5D598199A846}.Debug|Any CPU.ActiveCfg = Debug|Any CPU
		{71EE29D8-3F8A-4D2F-91DC-5D598199A846}.Debug|Any CPU.Build.0 = Debug|Any CPU
		{71EE29D8-3F8A-4D2F-91DC-5D598199A846}.Release|Any CPU.ActiveCfg = Release|Any CPU
		{71EE29D8-3F8A-4D2F-91DC-5D598199A846}.Release|Any CPU.Build.0 = Release|Any CPU
	EndGlobalSection
	GlobalSection(SolutionProperties) = preSolution
		HideSolutionNode = FALSE
	EndGlobalSection
	GlobalSection(ExtensibilityGlobals) = postSolution
		SolutionGuid = {13131143-F35B-4786-9151-29FBCC6963C3}
	EndGlobalSection
EndGlobal
